
Microsoft Visual Studio Solution File, Format Version 12.00
# Visual Studio Version 16
VisualStudioVersion = 16.0.30517.126
MinimumVisualStudioVersion = 10.0.40219.1
Project("{FAE04EC0-301F-11D3-BF4B-00C04F79EFBC}") = "GetHashCode and Equals", "GetHashCode and Equals\GetHashCode and Equals.csproj", "{56723E31-84C0-4C0E-BABB-D8994CC03AC9}"
EndProject
Global
	GlobalSection(SolutionConfigurationPlatforms) = preSolution
		Debug|Any CPU = Debug|Any CPU
		Release|Any CPU = Release|Any CPU
	EndGlobalSection
	GlobalSection(ProjectConfigurationPlatforms) = postSolution
		{56723E31-84C0-4C0E-BABB-D8994CC03AC9}.Debug|Any CPU.ActiveCfg = Debug|Any CPU
		{56723E31-84C0-4C0E-BABB-D8994CC03AC9}.Debug|Any CPU.Build.0 = Debug|Any CPU
		{56723E31-84C0-4C0E-BABB-D8994CC03AC9}.Release|Any CPU.ActiveCfg = Release|Any CPU
		{56723E31-84C0-4C0E-BABB-D8994CC03AC9}.Release|Any CPU.Build.0 = Release|Any CPU
	EndGlobalSection
	GlobalSection(SolutionProperties) = preSolution
		HideSolutionNode = FALSE
	EndGlobalSection
	GlobalSection(ExtensibilityGlobals) = postSolution
		SolutionGuid = {75B52470-B6E0-42B7-94A4-13D998D61598}
	EndGlobalSection
EndGlobal
